{
    "_meta": {
        "hash": {
            "sha256": "37d09726564518bc029ce8ba2b517f44376f595773a55391d71db50026d46d3d"
        },
        "pipfile-spec": 6,
        "requires": {
            "python_version": "3.12"
        },
        "sources": [
            {
                "name": "pypi",
                "url": "https://pypi.org/simple",
                "verify_ssl": true
            }
        ]
    },
    "default": {
        "maturin": {
            "hashes": [
                "sha256:0e0dc2e0bfaa2e1bd238e0236cf8a2b7e2250ccaa29c1aa8d0e61fa664b0289d",
                "sha256:1bf4c743dd2b24448e82b8c96251597818956ddf848e1d16b59356512c7e58d8",
                "sha256:24f66624db69b895b134a8f1592efdf04cd223c9b3b65243ad32080477936d14",
                "sha256:4dd2e2f005ca63ac7ef0dddf2d65324ee480277a11544dcc4e7e436af68034dd",
                "sha256:4ea89cf76048bc760e12b36b608fc3f5ef4f7359c0895e9afe737be34041d948",
                "sha256:5c0ff7ad43883920032b63c94c76dcdd5758710d7b72b68db69e7826c40534ac",
                "sha256:62a65f70ebaadd6eb6083f5548413744f2ef12400445778e08d41d4facf15bbe",
                "sha256:6bc9281b90cd37e2a7985f2e5d6e3d35a1d64cf6e4d04ce5ed25603d162995b9",
                "sha256:b0637604774e2c50ab48a0e9023fe2f071837ecbc817c04ec28e1cfcc25224c2",
                "sha256:b1e786ec9b5f7315c7e3fcc62b0715f9d99ffe477b06d0d62655a71e6a51a67b",
                "sha256:bec5948c6475954c8089b17fae349966258756bb2ca05e54099e476a08070795",
                "sha256:ca30fdb158a24cf312f3e53072a6e987182c103fa613efea2d28b5f52707d04a",
                "sha256:dade5edfaf508439ff6bbc7be4f207e04c0999c47d9ef7e1bae16258e76b1518"
            ],
            "index": "pypi",
            "markers": "python_version >= '3.7'",
            "version": "==1.8.6"
        }
    },
    "develop": {}
}
