# This file is automatically @generated by Cargo.
# It is not intended for manual editing.
version = 3

[[package]]
name = "atree"
version = "0.5.2"
source = "registry+https://github.com/rust-lang/crates.io-index"
checksum = "132573478eb9ff973c6f75d0ed425ac12da77d266506483345f46743ecc83a98"

[[package]]
name = "toes"
version = "0.1.0"
dependencies = [
 "atree",
]
